{
  "name": "sati-tech-portfolio",
  "lockfileVersion": 3,
  "requires": true,
  "packages": {
    "": {
      "name": "sati-tech-portfolio",
      "dependencies": {
        "@fontsource/instrument-serif": "^5.3.0",
        "@fontsource/manrope": "^5.3.0",
        "@react-three/drei": "^10.7.8",
        "@react-three/fiber": "^9.7.0",
        "dotenv": "17.3.1",
        "drizzle-orm": "0.45.2",
        "framer-motion": "^13.0.0",
        "gsap": "^3.15.0",
        "lenis": "^1.3.26",
        "lucide-react": "^1.31.0",
        "next": "16.2.6",
        "pg": "8.20.0",
        "react": "19.2.6",
        "react-dom": "19.2.6",
        "three": "^0.185.1"
      },
      "devDependencies": {
        "@tailwindcss/postcss": "4.1.17",
        "@types/node": "22.19.15",
        "@types/pg": "8.18.0",
        "@types/react": "19.2.14",
        "@types/react-dom": "19.2.3",
        "drizzle-kit": "0.31.10",
        "eslint": "9.39.4",
        "eslint-config-next": "16.2.6",
        "postcss": "8.5.8",
        "tailwindcss": "4.1.17",
        "typescript": "5.9.3"
      }
    },
    "node_modules/@alloc/quick-lru": {
      "version": "5.2.0",
      "resolved": "https://registry.npmjs.org/@alloc/quick-lru/-/quick-lru-5.2.0.tgz",
      "integrity": "sha512-UrcABB+4bUrFABwbluTIBErXwvbsU/V7TZWfmbgJfbkwiBuziS9gxdODUyuiecfdGQ85jglMW6juS3+z5TsKLw==",
      "dev": true,
      "license": "MIT",
      "engines": {
        "node": ">=10"
      },
      "funding": {
        "url": "https://github.com/sponsors/sindresorhus"
      }
    },
    "node_modules/@babel/code-frame": {
      "version": "7.29.7",
      "resolved": "https://registry.npmjs.org/@babel/code-frame/-/code-frame-7.29.7.tgz",
      "integrity": "sha512-Aup7aUOfpbAUg2ROOJN6Iw5f9DMBlzu0mIkm/malLQFN/YQgO48wCj0Kxa3sEHJvPVFg7siR+qRInwXd2qhQKw==",
      "dev": true,
      "license": "MIT",
      "dependencies": {
        "@babel/helper-validator-identifier": "^7.29.7",
        "js-tokens": "^4.0.0",
        "picocolors": "^1.1.1"
      },
      "engines": {
        "node": ">=6.9.0"
      }
    },
    "node_modules/@babel/compat-data": {
      "version": "7.29.7",
      "resolved": "https://registry.npmjs.org/@babel/compat-data/-/compat-data-7.29.7.tgz",
      "integrity": "sha512-locTkQyKvwIEgBzVrn8693ebc97F2U8ZHjbXwDXJ5Fn2TCpNwTlKcaKLkdHop5c/icOFE7qt7Q9JC5hnKNa6Gg==",
      "dev": true,
      "license": "MIT",
      "engines": {
        "node": ">=6.9.0"
      }
    },
    "node_modules/@babel/core": {
      "version": "7.29.7",
      "resolved": "https://registry.npmjs.org/@babel/core/-/core-7.29.7.tgz",
      "integrity": "sha512-RgHBCvtjbOK2gXSNBNIkNoEc9qoVEtau3hj8gEqKQuL3HZAibKarWFEI3Lfm6EYKkLalOh8eSrj9b+ch9H/VBA==",
      "dev": true,
      "license": "MIT",
      "dependencies": {
        "@babel/code-frame": "^7.29.7",
        "@babel/generator": "^7.29.7",
        "@babel/helper-compilation-targets": "^7.29.7",
        "@babel/helper-module-transforms": "^7.29.7",
        "@babel/helpers": "^7.29.7",
        "@babel/parser": "^7.29.7",
        "@babel/template": "^7.29.7",
        "@babel/traverse": "^7.29.7",
        "@babel/types": "^7.29.7",
        "@jridgewell/remapping": "^2.3.5",
        "convert-source-map": "^2.0.0",
        "debug": "^4.1.0",
        "gensync": "^1.0.0-beta.2",
        "json5": "^2.2.3",
        "semver": "^6.3.1"
      },
      "engines": {
        "node": ">=6.9.0"
      },
      "funding": {
        "type": "opencollective",
        "url": "https://opencollective.com/babel"
      }
    },
    "node_modules/@babel/generator": {
      "version": "7.29.8",
      "resolved": "https://registry.npmjs.org/@babel/generator/-/generator-7.29.8.tgz",
      "integrity": "sha512-gZbepsdh3WDtgZKWL+vTPh71LSBrm/Y4/QDZBVCcYfmeTEEuoOYwlSy+G1StfJg+/Zy550u/3TATbm7qDbbMtg==",
      "dev": true,
      "license": "MIT",
      "dependencies": {
        "@babel/parser": "^7.29.8",
        "@babel/types": "^7.29.8",
        "@jridgewell/gen-mapping": "^0.3.12",
        "@jridgewell/trace-mapping": "^0.3.28",
        "jsesc": "^3.0.2"
      },
      "engines": {
        "node": ">=6.9.0"
      }
    },
    "node_modules/@babel/helper-compilation-targets": {
      "version": "7.29.7",
      "resolved": "https://registry.npmjs.org/@babel/helper-compilation-targets/-/helper-compilation-targets-7.29.7.tgz",
      "integrity": "sha512-wem6WaBj4NaVYVdNhLPPVacES6ZJ+KBBfSkTMD3YZxbP3rm3Di85tJU5ljaUNhaOynt+Aj0xruhYuzQBt8n71g==",
      "dev": true,
      "license": "MIT",
      "dependencies": {
        "@babel/compat-data": "^7.29.7",
        "@babel/helper-validator-option": "^7.29.7",
        "browserslist": "^4.24.0",
        "lru-cache": "^5.1.1",
        "semver": "^6.3.1"
      },
      "engines": {
        "node": ">=6.9.0"
      }
    },
    "node_modules/@babel/helper-globals": {
      "version": "7.29.7",
      "resolved": "https://registry.npmjs.org/@babel/helper-globals/-/helper-globals-7.29.7.tgz",
      "integrity": "sha512-3nQVUAtvkKH9zahfWgw96Jc/uFOmjACE1kQz82E2lqWmHBgjzbNlsC22nuQTfahmWeQtTq5nQ/4Nnd2A1wj4zA==",
      "dev": true,
      "license": "MIT",
      "engines": {
        "node": ">=6.9.0"
      }
    },
    "node_modules/@babel/helper-module-imports": {
      "version": "7.29.7",
      "resolved": "https://registry.npmjs.org/@babel/helper-module-imports/-/helper-module-imports-7.29.7.tgz",
      "integrity": "sha512-ejHwrQQYcm9xnTivShn2IDOlIzInN34AXskvq9QicvCtEzq1Vzclu/tKF8Jq1Cg8JG2GL6/EmjgsCT7lXepE3g==",
      "dev": true,
      "license": "MIT",
      "dependencies": {
        "@babel/traverse": "^7.29.7",
        "@babel/types": "^7.29.7"
      },
      "engines": {
        "node": ">=6.9.0"
      }
    },
    "node_modules/@babel/helper-module-transforms": {
      "version": "7.29.7",
      "resolved": "https://registry.npmjs.org/@babel/helper-module-transforms/-/helper-module-transforms-7.29.7.tgz",
      "integrity": "sha512-UPUVSyXbOh627KiCIGQSgwWzGeBKLkaJ9PJEdrngIwMSzxLR4jS4+f1f1jb7VzBbg8nFLaYotvVPFCTqdrmTAg==",
      "dev": true,
      "license": "MIT",
      "dependencies": {
        "@babel/helper-module-imports": "^7.29.7",
        "@babel/helper-validator-identifier": "^7.29.7",
        "@babel/traverse": "^7.29.7"
      },
      "engines": {
        "node": ">=6.9.0"
      },
      "peerDependencies": {
        "@babel/core": "^7.0.0"
      }
    },
    "node_modules/@babel/helper-string-parser": {
      "version": "7.29.7",
      "resolved": "https://registry.npmjs.org/@babel/helper-string-parser/-/helper-string-parser-7.29.7.tgz",
      "integrity": "sha512-Pb5ijPrZ89GDH8223L4UP8i6QApWxs04RbPQJTeWDV0/keR2E36MeKnyr6LYmUUvqRRI+Iv87SuF1W6ErINzYw==",
      "dev": true,
      "license": "MIT",
      "engines": {
        "node": ">=6.9.0"
      }
    },
    "node_modules/@babel/helper-validator-identifier": {
      "version": "7.29.7",
      "resolved": "https://registry.npmjs.org/@babel/helper-validator-identifier/-/helper-validator-identifier-7.29.7.tgz",
      "integrity": "sha512-qehxGkRj55h/ff8EMaJ+cYhyaKlHIxqYDn682wQD7RNp9UujOQsHog2uS0r2vzr4pW+sXf90NeeayjcNaX3fFg==",
      "dev": true,
      "license": "MIT",
      "engines": {
        "node": ">=6.9.0"
      }
    },
    "node_modules/@babel/helper-validator-option": {
      "version": "7.29.7",
      "resolved": "https://registry.npmjs.org/@babel/helper-validator-option/-/helper-validator-option-7.29.7.tgz",
      "integrity": "sha512-N9ZErrD+yW5geCDtBqnOoxmR8+tNKiGuxKlDpuJxfsqpa2dFcexaziGAE/qoHLiDDreVNMupxGmSoNlyvsA3gw==",
      "dev": true,
      "license": "MIT",
      "engines": {
        "node": ">=6.9.0"
      }
    },
    "node_modules/@babel/helpers": {
      "version": "7.29.7",
      "resolved": "https://registry.npmjs.org/@babel/helpers/-/helpers-7.29.7.tgz",
      "integrity": "sha512-1k2lAGRMfHTcwuNYcCNUmaUffmQv8KWMfh2iJUUeRlwlwH4FdNG7mfPI10NPfLHJFThE4Tyr4mv7kTNZOiPuBg==",
      "dev": true,
      "license": "MIT",
      "dependencies": {
        "@babel/template": "^7.29.7",
        "@babel/types": "^7.29.7"
      },
      "engines": {
        "node": ">=6.9.0"
      }
    },
    "node_modules/@babel/parser": {
      "version": "7.29.8",
      "resolved": "https://registry.npmjs.org/@babel/parser/-/parser-7.29.8.tgz",
      "integrity": "sha512-E8lTAYNB1KW+FH+VGJuZM1ioAx2E6oVlvQFRrf5P8ZZmsiJXYAD9vTFV7yyEURNzgh1dFqMZuO6tUwcARbqFCA==",
      "dev": true,
      "license": "MIT",
      "dependencies": {
        "@babel/types": "^7.29.8"
      },
      "bin": {
        "parser": "bin/babel-parser.js"
      },
      "engines": {
        "node": ">=6.0.0"
      }
    },
    "node_modules/@babel/runtime": {
      "version": "7.29.7",
      "resolved": "https://registry.npmjs.org/@babel/runtime/-/runtime-7.29.7.tgz",
      "integrity": "sha512-Nq8OhGWiZIZGV6hLHoyAKLLcJihP/xFeBMGJoUrxTX2psI8dCifzLhZISFb+VWS3wFMRDmCGw5R+dOySCqPLhw==",
      "license": "MIT",
      "engines": {
        "node": ">=6.9.0"
      }
    },
    "node_modules/@babel/template": {
      "version": "7.29.7",
      "resolved": "https://registry.npmjs.org/@babel/template/-/template-7.29.7.tgz",
      "integrity": "sha512-puq+Gf35oI24FeN11LkoUQFqv9uwNeWpxXZi/Ji3rRIoKAzKnxRaZ+Gkj0vKS9ZCiTESfng1N9LyOyXvo+m+Gg==",
      "dev": true,
      "license": "MIT",
      "dependencies": {
        "@babel/code-frame": "^7.29.7",
        "@babel/parser": "^7.29.7",
        "@babel/types": "^7.29.7"
      },
      "engines": {
        "node": ">=6.9.0"
      }
    },
    "node_modules/@babel/traverse": {
      "version": "7.29.8",
      "resolved": "https://registry.npmjs.org/@babel/traverse/-/traverse-7.29.8.tgz",
      "integrity": "sha512-I5z7H3bf/41ktsNVLtpN0wAa336HkqIHQ5BuPLEhTkt1jVSyZpeNKIzTgEWmlxjdg81R0IgUCcaE+Ok3NvrfZg==",
      "dev": true,
      "license": "MIT",
      "dependencies": {
        "@babel/code-frame": "^7.29.7",
        "@babel/generator": "^7.29.8",
        "@babel/helper-globals": "^7.29.7",
        "@babel/parser": "^7.29.8",
        "@babel/template": "^7.29.7",
        "@babel/types": "^7.29.8",
        "debug": "^4.3.1"
      },
      "engines": {
        "node": ">=6.9.0"
      }
    },
    "node_modules/@babel/types": {
      "version": "7.29.8",
      "resolved": "https://registry.npmjs.org/@babel/types/-/types-7.29.8.tgz",
      "integrity": "sha512-Vj1jF3cPfxg7OAfoI7QnVKLoILlm2JF9pnVHrX8qx7AHMiYWT+NDAA7jChlNgRS4WTLc/fD1lXLmPixluj+3Gg==",
      "dev": true,
      "license": "MIT",
      "dependencies": {
        "@babel/helper-string-parser": "^7.29.7",
        "@babel/helper-validator-identifier": "^7.29.7"
      },
      "engines": {
        "node": ">=6.9.0"
      }
    },
    "node_modules/@dimforge/rapier3d-compat": {
      "version": "0.12.0",
      "resolved": "https://registry.npmjs.org/@dimforge/rapier3d-compat/-/rapier3d-compat-0.12.0.tgz",
      "integrity": "sha512-uekIGetywIgopfD97oDL5PfeezkFpNhwlzlaEYNOA0N6ghdsOvh/HYjSMek5Q2O1PYvRSDFcqFVJl4r4ZBwOow==",
      "license": "Apache-2.0"
    },
    "node_modules/@drizzle-team/brocli": {
      "version": "0.10.2",
      "resolved": "https://registry.npmjs.org/@drizzle-team/brocli/-/brocli-0.10.2.tgz",
      "integrity": "sha512-z33Il7l5dKjUgGULTqBsQBQwckHh5AbIuxhdsIxDDiZAzBOrZO6q9ogcWC65kU382AfynTfgNumVcNIjuIua6w==",
      "dev": true,
      "license": "Apache-2.0"
    },
    "node_modules/@emnapi/core": {
      "version": "1.10.0",
      "resolved": "https://registry.npmjs.org/@emnapi/core/-/core-1.10.0.tgz",
      "integrity": "sha512-yq6OkJ4p82CAfPl0u9mQebQHKPJkY7WrIuk205cTYnYe+k2Z8YBh11FrbRG/H6ihirqcacOgl2BIO8oyMQLeXw==",
      "dev": true,
      "license": "MIT",
      "optional": true,
      "dependencies": {
        "@emnapi/wasi-threads": "1.2.1",
        "tslib": "^2.4.0"
      }
    },
    "node_modules/@emnapi/runtime": {
      "version": "1.11.3",
      "resolved": "https://registry.npmjs.org/@emnapi/runtime/-/runtime-1.11.3.tgz",
      "integrity": "sha512-Xz4Tpyki7XyrpbUK1jR1AhdAdaXyhhY4lZ3neLodmhpuWfy2PAQN5B46sAiU4liOXGLkHypn/qU+jvfWSCYYLA==",
      "license": "MIT",
      "optional": true,
      "dependencies": {
        "tslib": "^2.4.0"
      }
    },
    "node_modules/@emnapi/wasi-threads": {
      "version": "1.2.1",
      "resolved": "https://registry.npmjs.org/@emnapi/wasi-threads/-/wasi-threads-1.2.1.tgz",
      "integrity": "sha512-uTII7OYF+/Mes/MrcIOYp5yOtSMLBWSIoLPpcgwipoiKbli6k322tcoFsxoIIxPDqW01SQGAgko4EzZi2BNv2w==",
      "dev": true,
      "license": "MIT",
      "optional": true,
      "dependencies": {
        "tslib": "^2.4.0"
      }
    },
    "node_modules/@esbuild-kit/core-utils": {
      "version": "3.3.2",
      "resolved": "https://registry.npmjs.org/@esbuild-kit/core-utils/-/core-utils-3.3.2.tgz",
      "integrity": "sha512-sPRAnw9CdSsRmEtnsl2WXWdyquogVpB3yZ3dgwJfe8zrOzTsV7cJvmwrKVa+0ma5BoiGJ+BoqkMvawbayKUsqQ==",
      "deprecated": "Merged into tsx: https://tsx.hirok.io",
      "dev": true,
      "license": "MIT",
      "dependencies": {
        "esbuild": "~0.18.20",
        "source-map-support": "^0.5.21"
      }
    },
    "node_modules/@esbuild-kit/core-utils/node_modules/@esbuild/android-arm": {
      "version": "0.18.20",
      "resolved": "https://registry.npmjs.org/@esbuild/android-arm/-/android-arm-0.18.20.tgz",
      "integrity": "sha512-fyi7TDI/ijKKNZTUJAQqiG5T7YjJXgnzkURqmGj13C6dCqckZBLdl4h7bkhHt/t0WP+zO9/zwroDvANaOqO5Sw==",
      "cpu": [
        "arm"
      ],
      "dev": true,
      "license": "MIT",
      "optional": true,
      "os": [
        "android"
      ],
      "engines": {
        "node": ">=12"
      }
    },
    "node_modules/@esbuild-kit/core-utils/node_modules/@esbuild/android-arm64": {
      "version": "0.18.20",
      "resolved": "https://registry.npmjs.org/@esbuild/android-arm64/-/android-arm64-0.18.20.tgz",
      "integrity": "sha512-Nz4rJcchGDtENV0eMKUNa6L12zz2zBDXuhj/Vjh18zGqB44Bi7MBMSXjgunJgjRhCmKOjnPuZp4Mb6OKqtMHLQ==",
      "cpu": [
        "arm64"
      ],
      "dev": true,
      "license": "MIT",
      "optional": true,
      "os": [
        "android"
      ],
      "engines": {
        "node": ">=12"
      }
    },
    "node_modules/@esbuild-kit/core-utils/node_modules/@esbuild/android-x64": {
      "version": "0.18.20",
      "resolved": "https://registry.npmjs.org/@esbuild/android-x64/-/android-x64-0.18.20.tgz",
      "integrity": "sha512-8GDdlePJA8D6zlZYJV/jnrRAi6rOiNaCC/JclcXpB+KIuvfBN4owLtgzY2bsxnx666XjJx2kDPUmnTtR8qKQUg==",
      "cpu": [
        "x64"
      ],
      "dev": true,
      "license": "MIT",
      "optional": true,
      "os": [
        "android"
      ],
      "engines": {
        "node": ">=12"
      }
    },
    "node_modules/@esbuild-kit/core-utils/node_modules/@esbuild/darwin-arm64": {
      "version": "0.18.20",
      "resolved": "https://registry.npmjs.org/@esbuild/darwin-arm64/-/darwin-arm64-0.18.20.tgz",
      "integrity": "sha512-bxRHW5kHU38zS2lPTPOyuyTm+S+eobPUnTNkdJEfAddYgEcll4xkT8DB9d2008DtTbl7uJag2HuE5NZAZgnNEA==",
      "cpu": [
        "arm64"
      ],
      "dev": true,
      "license": "MIT",
      "optional": t÷õæÚ$z{-®éÜj×ÒÀ¢&Væv–æW2#¢°¢&æöFR#¢#ãÒãB ¢ÒÀ¢&gVæF–ær#¢°¢'W&Â#¢&‡GG3¢òöv—F‡V"æ6öÒ÷7öç6÷'2öÆ¦†&" ¢Ð¢ÒÀ¢&æöFUöÖöGVÆW2÷G—VBÖ'&’Ö'—FRÖöfg6WB#¢°¢'fW'6–öâ#¢#ããB"À¢'&W6öÇfVB#¢&‡GG3¢ò÷&Vv—7G'’æçÖ§2æ÷&r÷G—VBÖ'&’Ö'—FRÖöfg6WBòÒ÷G—VBÖ'&’Ö'—FRÖöfg6WBÓããBçFw¢"À¢&–çFVw&—G’#¢'6†S"Ö%FÄd"ôd%”Ö7Uƒƒv$ÃDö7ƒUÖÄd‡Ä47Ã„ÄW¤×£V³S6ôäGdã‡äõtÄVÔ“'ƒF÷'7&ôd#SGc•‚´ÔeÓÒ"À¢&FWb#¢G'VRÀ¢&Æ–6Vç6R#¢$Ô•B"À¢&FWVæFVæ6–W2#¢°¢&f–Æ&ÆR×G—VBÖ'&—2#¢%ãããr"À¢&6ÆÂÖ&–æB#¢%ããã‚"À¢&f÷"ÖV6‚#¢%ãã2ã2"À¢&v÷B#¢%ãã"ã"À¢&†2×&÷Fò#¢%ãã"ã"À¢&—2×G—VBÖ'&’#¢%ãããR"À¢'&VfÆV7BævWG&÷F÷G—Vöb#¢%ããã’ ¢ÒÀ¢&Væv–æW2#¢°¢&æöFR#¢#ãÒãB ¢ÒÀ¢&gVæF–ær#¢°¢'W&Â#¢&‡GG3¢òöv—F‡V"æ6öÒ÷7öç6÷'2öÆ¦†&" ¢Ð¢ÒÀ¢&æöFUöÖöGVÆW2÷G—VBÖ'&’ÖÆVæwF‚#¢°¢'fW'6–öâ#¢#ãã‚"À¢'&W6öÇfVB#¢&‡GG3¢ò÷&Vv—7G'’æçÖ§2æ÷&r÷G—VBÖ'&’ÖÆVæwF‚òÒ÷G—VBÖ'&’ÖÆVæwF‚Óãã‚çFw¢"À¢&–çFVw&—G’#¢'6†S"×…t7w#"µógvæ”4S†SG¶äwR÷”f#VäCU“†&cTVV”“Tv¶Æä5””tg’ôG$U'$´…‡d†â³5W4õvt§e$ò¶sÓÒ"À¢&FWb#¢G'VRÀ¢&Æ–6Vç6R#¢$Ô•B"À¢&FWVæFVæ6–W2#¢°¢&6ÆÂÖ&–æB#¢%ããã’"À¢&f÷"ÖV6‚#¢%ãã2ãR"À¢&v÷B#¢%ãã"ã"À¢&—2×G—VBÖ'&’#¢%ãããR"À¢'÷76–&ÆR×G—VBÖ'&’ÖæÖW2#¢%ããã"À¢'&VfÆV7BævWG&÷F÷G—Vöb#¢%ããã ¢ÒÀ¢&Væv–æW2#¢°¢&æöFR#¢#ãÒãB ¢ÒÀ¢&gVæF–ær#¢°¢'W&Â#¢&‡GG3¢òöv—F‡V"æ6öÒ÷7öç6÷'2öÆ¦†&" ¢Ð¢ÒÀ¢&æöFUöÖöGVÆW2÷G—W67&—B#¢°¢'fW'6–öâ#¢#Rã’ã2"À¢'&W6öÇfVB#¢&‡GG3¢ò÷&Vv—7G'’æçÖ§2æ÷&r÷G—W67&—BòÒ÷G—W67&—BÓRã’ã2çFw¢"À¢&–çFVw&—G’#¢'6†S"Ö¦Ãe§¥F–äÇ#–UWC4¢÷CucdftäWs•§d%G—7£”¶eDCCe$3%“GdµF–WeCF%†Æ#$†„Ç‡wFÓdÓUFu7sÓÒ"À¢&FWb#¢G'VRÀ¢&Æ–6Vç6R#¢$6†RÓ"ã"À¢&&–â#¢°¢'G62#¢&&–â÷G62"À¢'G76W'fW"#¢&&–â÷G76W'fW" ¢ÒÀ¢&Væv–æW2#¢°¢&æöFR#¢#ãÓBãr ¢Ð¢ÒÀ¢&æöFUöÖöGVÆW2÷G—W67&—BÖW6Æ–çB#¢°¢'fW'6–öâ#¢#‚ãcrã"À¢'&W6öÇfVB#¢&‡GG3¢ò÷&Vv—7G'’æçÖ§2æ÷&r÷G—W67&—BÖW6Æ–çBòÒ÷G—W67&—BÖW6Æ–çBÓ‚ãcrãçFw¢"À¢&–çFVw&—G’#¢'6†S"Õ3'VDg3‡D4´T¶fgT£ED#–DuU¦•†D5v“4•$uu†&$ÅUU„õ%c…Ug¤£Ft5&GUU$Ö#TV·ä6F¦&³TD—T“…–sÓÒ"À¢&FWb#¢G'VRÀ¢&Æ–6Vç6R#¢$Ô•B"À¢&FWVæFVæ6–W2#¢°¢$G—W67&—BÖW6Æ–çBöW6Æ–çB×ÇVv–â#¢#‚ãcrã"À¢$G—W67&—BÖW6Æ–çB÷'6W"#¢#‚ãcrã"À¢$G—W67&—BÖW6Æ–çB÷G—W67&—BÖW7G&VR#¢#‚ãcrã"À¢$G—W67&—BÖW6Æ–çB÷WF–Ç2#¢#‚ãcrã ¢ÒÀ¢&Væv–æW2#¢°¢&æöFR#¢%ã‚ã‚ãÇÂã#ã’ãÇÂãÓ#ãã ¢ÒÀ¢&gVæF–ær#¢°¢'G—R#¢&÷Væ6öÆÆV7F—fR"À¢'W&Â#¢&‡GG3¢òö÷Væ6öÆÆV7F—fRæ6öÒ÷G—W67&—BÖW6Æ–çB ¢ÒÀ¢'VW$FWVæFVæ6–W2#¢°¢&W6Æ–çB#¢%ã‚ãSrãÇÂã’ããÇÂããã"À¢'G—W67&—B#¢#ãÓBã‚ãBÃbãã ¢Ð¢ÒÀ¢&æöFUöÖöGVÆW2÷Væ&÷‚×&–Ö—F—fR#¢°¢'fW'6–öâ#¢#ãã"À¢'&W6öÇfVB#¢&‡GG3¢ò÷&Vv—7G'’æçÖ§2æ÷&r÷Væ&÷‚×&–Ö—F—fRòÒ÷Væ&÷‚×&–Ö—F—fRÓããçFw¢"À¢&–çFVw&—G’#¢'6†S"Öåt£“F¦Tö¶V¢õD‡…6×—'T·´U–wgs–Ç£Dõ†¢ôåtdæÇU—&¦'£–£4£‡”µC&sF¤fôö´”ä5Es$“TÄTW—sÓÒ"À¢&FWb#¢G'VRÀ¢&Æ–6Vç6R#¢$Ô•B"À¢&FWVæFVæ6–W2#¢°¢&6ÆÂÖ&÷VæB#¢%ããã2"À¢&†2Ö&–v–çG2#¢%ããã""À¢&†2×7–Ö&öÇ2#¢%ããã"À¢'v†–6‚Ö&÷†VB×&–Ö—F—fR#¢%ããã ¢ÒÀ¢&Væv–æW2#¢°¢&æöFR#¢#ãÒãB ¢ÒÀ¢&gVæF–ær#¢°¢'W&Â#¢&‡GG3¢òöv—F‡V"æ6öÒ÷7öç6÷'2öÆ¦†&" ¢Ð¢ÒÀ¢&æöFUöÖöGVÆW2÷VæF–6’×G—W2#¢°¢'fW'6–öâ#¢#bã#ã"À¢'&W6öÇfVB#¢&‡GG3¢ò÷&Vv—7G'’æçÖ§2æ÷&r÷VæF–6’×G—W2òÒ÷VæF–6’×G—W2Óbã#ãçFw¢"À¢&–çFVw&—G’#¢'6†S"Ö—tE§sw&s•&cTƒFãÓcF36Öµ#S–4£gu³t3Fä“w6ÔW†VF”ÄäóCFUCDD$'v¦%F”uÖÇC$ÖCC”ƒ”¥ÓÒ"À¢&FWd÷F–öæÂ#¢G'VRÀ¢&Æ–6Vç6R#¢$Ô•B ¢ÒÀ¢&æöFUöÖöGVÆW2÷Vç'2×&W6öÇfW"#¢°¢'fW'6–öâ#¢#ã"ã""À¢'&W6öÇfVB#¢&‡GG3¢ò÷&Vv—7G'’æçÖ§2æ÷&r÷Vç'2×&W6öÇfW"òÒ÷Vç'2×&W6öÇfW"Óã"ã"çFw¢"À¢&–çFVw&—G’#¢'6†S"ÖFÖÅ'„$¤¦•†§Gt2´§Dc†„¦Övc6gE5–V¤f5§&cB´´·D§cG4³§f¤swt£Tä£eUe÷$Õs£D37'…ÓÒ"À¢&FWb#¢G'VRÀ¢&†4–ç7FÆÅ67&—B#¢G'VRÀ¢&Æ–6Vç6R#¢$Ô•B"À¢&FWVæFVæ6–W2#¢°¢&æ’×÷7F–ç7FÆÂ#¢%ãã2ãB ¢ÒÀ¢&gVæF–ær#¢°¢'W&Â#¢&‡GG3¢òö÷Væ6öÆÆV7F—fRæ6öÒ÷Vç'2×&W6öÇfW" ¢ÒÀ¢&÷F–öæÄFWVæFVæ6–W2#¢°¢$Vç'2÷&W6öÇfW"Ö&–æF–ærÖæG&ö–BÖ&ÒÖV&’#¢#ã"ã""À¢$Vç'2÷&W6öÇfW"Ö&–æF–ærÖæG&ö–BÖ&ÓcB#¢#ã"ã""À¢$Vç'2÷&W6öÇfW"Ö&–æF–ærÖF'v–âÖ&ÓcB#¢#ã"ã""À¢$Vç'2÷&W6öÇfW"Ö&–æF–ærÖF'v–â×ƒcB#¢#ã"ã""À¢$Vç'2÷&W6öÇfW"Ö&–æF–ærÖg&VV'6B×ƒcB#¢#ã"ã""À¢$Vç'2÷&W6öÇfW"Ö&–æF–ærÖÆ–çW‚Ö&ÒÖvçVV&–†b#¢#ã"ã""À¢$Vç'2÷&W6öÇfW"Ö&–æF–ærÖÆ–çW‚Ö&ÒÖ×W6ÆV&–†b#¢#ã"ã""À¢$Vç'2÷&W6öÇfW"Ö&–æF–ærÖÆ–çW‚Ö&ÓcBÖvçR#¢#ã"ã""À¢$Vç'2÷&W6öÇfW"Ö&–æF–ærÖÆ–çW‚Ö&ÓcBÖ×W6Â#¢#ã"ã""À¢$Vç'2÷&W6öÇfW"Ö&–æF–ærÖÆ–çW‚ÖÆööæscBÖvçR#¢#ã"ã""À¢$Vç'2÷&W6öÇfW"Ö&–æF–ærÖÆ–çW‚ÖÆööæscBÖ×W6Â#¢#ã"ã""À¢$Vç'2÷&W6öÇfW"Ö&–æF–ærÖÆ–çW‚×3cBÖvçR#¢#ã"ã""À¢$Vç'2÷&W6öÇfW"Ö&–æF–ærÖÆ–çW‚×&—67ccBÖvçR#¢#ã"ã""À¢$Vç'2÷&W6öÇfW"Ö&–æF–ærÖÆ–çW‚×&—67ccBÖ×W6Â#¢#ã"ã""À¢$Vç'2÷&W6öÇfW"Ö&–æF–ærÖÆ–çW‚×33“‚ÖvçR#¢#ã"ã""À¢$Vç'2÷&W6öÇfW"Ö&–æF–ærÖÆ–çW‚×ƒcBÖvçR#¢#ã"ã""À¢$Vç'2÷&W6öÇfW"Ö&–æF–ærÖÆ–çW‚×ƒcBÖ×W6Â#¢#ã"ã""À¢$Vç'2÷&W6öÇfW"Ö&–æF–ærÖ÷Væ†&Ööç’Ö&ÓcB#¢#ã"ã""À¢$Vç'2÷&W6öÇfW"Ö&–æF–ær×v6Ó3"×v6’#¢#ã"ã""À¢$Vç'2÷&W6öÇfW"Ö&–æF–ær×v–ã3"Ö&ÓcBÖ×7f2#¢#ã"ã""À¢$Vç'2÷&W6öÇfW"Ö&–æF–ær×v–ã3"Ö–3"Ö×7f2#¢#ã"ã""À¢$Vç'2÷&W6öÇfW"Ö&–æF–ær×v–ã3"×ƒcBÖ×7f2#¢#ã"ã" ¢Ð¢ÒÀ¢&æöFUöÖöGVÆW2÷WFFRÖ'&÷w6W'6Æ—7BÖF"#¢°¢'fW'6–öâ#¢#ã2ã"À¢'&W6öÇfVB#¢&‡GG3¢ò÷&Vv—7G'’æçÖ§2æ÷&r÷WFFRÖ'&÷w6W'6Æ—7BÖF"òÒ÷WFFRÖ'&÷w6W'6Æ—7BÖF"Óã2ãçFw¢"À¢&–çFVw&—G’#¢'6†S"Õ¥£cG5'4öæ¶ÃsD„×6õ4ãF…VÔUu†b¶’÷—cƒwD”&d”635fG$dW%µUTµwS4×5ETÖ&6öætÄTãFÃdu5W%ÓÒ"À¢&FWb#¢G'VRÀ¢&gVæF–ær#¢°¢°¢'G—R#¢&÷Væ6öÆÆV7F—fR"À¢'W&Â#¢&‡GG3¢òö÷Væ6öÆÆV7F—fRæ6öÒö'&÷w6W'6Æ—7B ¢ÒÀ¢°¢'G—R#¢'F–FVÆ–gB"À¢'W&Â#¢&‡GG3¢ò÷F–FVÆ–gBæ6öÒögVæF–æröv—F‡V"öçÒö'&÷w6W'6Æ—7B ¢ÒÀ¢°¢'G—R#¢&v—F‡V""À¢'W&Â#¢&‡GG3¢òöv—F‡V"æ6öÒ÷7öç6÷'2ö’ ¢Ð¢ÒÀ¢&Æ–6Vç6R#¢$Ô•B"À¢&FWVæFVæ6–W2#¢°¢&W66ÆFR#¢%ã2ã"ã"À¢'–6ö6öÆ÷'2#¢%ããã ¢ÒÀ¢&&–â#¢°¢'WFFRÖ'&÷w6W'6Æ—7BÖF"#¢&6Æ’æ§2 ¢ÒÀ¢'VW$FWVæFVæ6–W2#¢°¢&'&÷w6W'6Æ—7B#¢#ãÒBã#ã ¢Ð¢ÒÀ¢&æöFUöÖöGVÆW2÷W&’Ö§2#¢°¢'fW'6–öâ#¢#BãBã"À¢'&W6öÇfVB#¢&‡GG3¢ò÷&Vv—7G'’æçÖ§2æ÷&r÷W&’Ö§2òÒ÷W&’Ö§2ÓBãBãçFw¢"À¢&–çFVw&—G’#¢'6†S"Ów$µW—“35–3“‡DÔÇGuƒ”cuD–evÅs–Fó…vÃ–“6T†–VVƒ„†eTÃ&dÕ„³g£3†V4·3–g$7TÄ§fæD&sÓÒ"À¢&FWb#¢G'VRÀ¢&Æ–6Vç6R#¢$%4BÓ"Ô6ÆW6R"À¢&FWVæFVæ6–W2#¢°¢'Vç–6öFR#¢%ã"ãã ¢Ð¢ÒÀ¢&æöFUöÖöGVÆW2÷W6R×7–æ2ÖW‡FW&æÂ×7F÷&R#¢°¢'fW'6–öâ#¢#ãbã"À¢'&W6öÇfVB#¢&‡GG3¢ò÷&Vv—7G'’æçÖ§2æ÷&r÷W6R×7–æ2ÖW‡FW&æÂ×7F÷&RòÒ÷W6R×7–æ2ÖW‡FW&æÂ×7F÷&RÓãbãçFw¢"À¢&–çFVw&—G’#¢'6†S"Õdu7tuôç%—'…dd–´õW—s†ÄfVäô†–¥vµUG$Gg$cDÇ–Å$2ô´6¶U3–GTÓ4·e•%†æWgCt”Ã“Rµ¥—sÓÒ"À¢&Æ–6Vç6R#¢$Ô•B"À¢'VW$FWVæFVæ6–W2#¢°¢'&V7B#¢%ãbã‚ãÇÂãrããÇÂã‚ããÇÂã’ãã ¢Ð¢ÒÀ¢&æöFUöÖöGVÆW2÷WF–Æ—G’×G—W2#¢°¢'fW'6–öâ#¢#2ãã"À¢'&W6öÇfVB#¢&‡GG3¢ò÷&Vv—7G'’æçÖ§2æ÷&r÷WF–Æ—G’×G—W2òÒ÷WF–Æ—G’×G—W2Ó2ããçFw¢"À¢&–çFVw&—G’#¢'6†S"Óe£tÖ&dUv—6ÃeGd$7“u‡&Ó$ÅõcfD£vV4––—„†7vf$£ƒvÕvF&7vÄ”ÓT”u…¥4e–W$7ÄôöT¶ô¥”Ö·sÓÒ"À¢&Æ–6Vç6R#¢$Ô•B"À¢&Væv–æW2#¢°¢&æöFR#¢#ãÒB ¢Ð¢ÒÀ¢&æöFUöÖöGVÆW2÷vV&vÂÖ6öç7FçG2#¢°¢'fW'6–öâ#¢#ãã"À¢'&W6öÇfVB#¢&‡GG3¢ò÷&Vv—7G'’æçÖ§2æ÷&r÷vV&vÂÖ6öç7FçG2òÒ÷vV&vÂÖ6öç7FçG2ÓããçFw¢"À¢&–çFVw&—G’#¢'6†S"ÔÆ´%„¶¥SW#—dstv7S5CWR³V7e7fƒUwt”æG#2³–§¥d#C6¥VU$GF²õt…–Ef£vVd6tÓs4$tfÄ–”çFFsÓÒ ¢ÒÀ¢&æöFUöÖöGVÆW2÷vV&vÂ×6FbÖvVæW&F÷"#¢°¢'fW'6–öâ#¢#ãã"À¢'&W6öÇfVB#¢&‡GG3¢ò÷&Vv—7G'’æçÖ§2æ÷&r÷vV&vÂ×6FbÖvVæW&F÷"òÒ÷vV&vÂ×6FbÖvVæW&F÷"ÓããçFw¢"À¢&–çFVw&—G’#¢'6†S"Ó•£¦4ÕDg†TR¶#'ƒÄ¥FFæC‡%C†WtÕg†´çv÷–4æÔ¥wuG¦õ‡¤Öƒ&¤¥6‚ôTe´µ•¥VÆ“ƒFƒ†$¥¤d•£&¤ÓÒ"À¢&Æ–6Vç6R#¢$Ô•B ¢ÒÀ¢&æöFUöÖöGVÆW2÷v†–6‚#¢°¢'fW'6–öâ#¢#"ãã""À¢'&W6öÇfVB#¢&‡GG3¢ò÷&Vv—7G'’æçÖ§2æ÷&r÷v†–6‚òÒ÷v†–6‚Ó"ãã"çFw¢"À¢&–çFVw&—G’#¢'6†S"Ô$Ä“5FÃEs5fÃsÃ7—5“cF’¶wu‡4t%•v¶·×Fæ%†w$ÔB·–£w&…s·TTG‡¤¦•„v¤UsVöv´äÔT´äÖ¦–$ÓÒ"À¢&Æ–6Vç6R#¢$•42"À¢&FWVæFVæ6–W2#¢°¢&—6W†R#¢%ã"ãã ¢ÒÀ¢&&–â#¢°¢&æöFR×v†–6‚#¢&&–âöæöFR×v†–6‚ ¢ÒÀ¢&Væv–æW2#¢°¢&æöFR#¢#ãÒ‚ ¢Ð¢ÒÀ¢&æöFUöÖöGVÆW2÷v†–6‚Ö&÷†VB×&–Ö—F—fR#¢°¢'fW'6–öâ#¢#ãã"À¢'&W6öÇfVB#¢&‡GG3¢ò÷&Vv—7G'’æçÖ§2æ÷&r÷v†–6‚Ö&÷†VB×&–Ö—F—fRòÒ÷v†–6‚Ö&÷†VB×&–Ö—F—fRÓããçFw¢"À¢&–çFVw&—G’#¢'6†S"ÕF%ƒ6Ö£†ãöD4$efÅ“„†·4„7s4Ãc¤—Tc†¤es†£43%–†Ôwg$„'¥E$ƒ"÷‡—Vç$£–s¥7–¤6§õw¤”ÓÒ"À¢&FWb#¢G'VRÀ¢&Æ–6Vç6R#¢$Ô•B"À¢&FWVæFVæ6–W2#¢°¢&—2Ö&–v–çB#¢%ããã"À¢&—2Ö&ööÆVâÖö&¦V7B#¢%ãã"ã"À¢&—2ÖçVÖ&W"Öö&¦V7B#¢%ããã"À¢&—2×7G&–ær#¢%ããã"À¢&—2×7–Ö&öÂ#¢%ããã ¢ÒÀ¢&Væv–æW2#¢°¢&æöFR#¢#ãÒãB ¢ÒÀ¢&gVæF–ær#¢°¢'W&Â#¢&‡GG3¢òöv—F‡V"æ6öÒ÷7öç6÷'2öÆ¦†&" ¢Ð¢ÒÀ¢&æöFUöÖöGVÆW2÷v†–6‚Ö'V–ÇF–â×G—R#¢°¢'fW'6–öâ#¢#ã"ã"À¢'&W6öÇfVB#¢&‡GG3¢ò÷&Vv—7G'’æçÖ§2æ÷&r÷v†–6‚Ö'V–ÇF–â×G—RòÒ÷v†–6‚Ö'V–ÇF–â×G—RÓã"ãçFw¢"À¢&–çFVw&—G’#¢'6†S"Óf”&7¦õ‚¶´Ev2µ”¤&æƒ5B´µ¥'„Òö•”å†–7³cbõfÓ#“6—R·”ô–Ö¶s¤†&£TÄäö4çcDTF•£†3D#GeÓÒ"À¢&FWb#¢G'VRÀ¢&Æ–6Vç6R#¢$Ô•B"À¢&FWVæFVæ6–W2#¢°¢&6ÆÂÖ&÷VæB#¢%ããã""À¢&gVæ7F–öâç&÷F÷G—RææÖR#¢%ãããb"À¢&†2×F÷7G&–æwFr#¢%ããã""À¢&—2Ö7–æ2ÖgVæ7F–öâ#¢%ã"ãã"À¢&—2ÖFFRÖö&¦V7B#¢%ããã"À¢&—2Öf–æÆ—¦F–öç&Vv—7G'’#¢%ããã"À¢&—2ÖvVæW&F÷"ÖgVæ7F–öâ#¢%ããã"À¢&—2×&VvW‚#¢%ãã"ã"À¢&—2×vV·&Vb#¢%ããã""À¢&—6'&’#¢%ã"ããR"À¢'v†–6‚Ö&÷†VB×&–Ö—F—fR#¢%ããã"À¢'v†–6‚Ö6öÆÆV7F–öâ#¢%ããã""À¢'v†–6‚×G—VBÖ'&’#¢%ãããb ¢ÒÀ¢&Væv–æW2#¢°¢&æöFR#¢#ãÒãB ¢ÒÀ¢&gVæF–ær#¢°¢'W&Â#¢&‡GG3¢òöv—F‡V"æ6öÒ÷7öç6÷'2öÆ¦†&" ¢Ð¢ÒÀ¢&æöFUöÖöGVÆW2÷v†–6‚Ö6öÆÆV7F–öâ#¢°¢'fW'6–öâ#¢#ãã""À¢'&W6öÇfVB#¢&‡GG3¢ò÷&Vv—7G'’æçÖ§2æ÷&r÷v†–6‚Ö6öÆÆV7F–öâòÒ÷v†–6‚Ö6öÆÆV7F–öâÓãã"çFw¢"À¢&–çFVw&—G’#¢'6†S"Ô³F¥g–¦ä&Fwf3ƒe“d&¶Å¤Tã“357u”÷T$f¶FÔ'S•¦f¶4&Ef'•FäFÖ§e¢ö¥%…'cTUµFäC33”v–—&æt7sÓÒ"À¢&FWb#¢G'VRÀ¢&Æ–6Vç6R#¢$Ô•B"À¢&FWVæFVæ6–W2#¢°¢&—2ÖÖ#¢%ã"ãã2"À¢&—2×6WB#¢%ã"ãã2"À¢&—2×vV¶Ö#¢%ã"ãã""À¢&—2×vV·6WB#¢%ã"ãã2 ¢ÒÀ¢&Væv–æW2#¢°¢&æöFR#¢#ãÒãB ¢ÒÀ¢&gVæF–ær#¢°¢'W&Â#¢&‡GG3¢òöv—F‡V"æ6öÒ÷7öç6÷'2öÆ¦†&" ¢Ð¢ÒÀ¢&æöFUöÖöGVÆW2÷v†–6‚×G—VBÖ'&’#¢°¢'fW'6–öâ#¢#ãã#""À¢'&W6öÇfVB#¢&‡GG3¢ò÷&Vv—7G'’æçÖ§2æ÷&r÷v†–6‚×G—VBÖ'&’òÒ÷v†–6‚×G—VBÖ'&’Óãã#"çFw¢"À¢&–çFVw&—G’#¢'6†S"ÖgdóDW…tÔg7–„s4•ö$×U“Ç†u–7†&3C”4æEtDDT4ô¤æu—g4õugv%¦2·c7'¥'G†ö¤$²´4ÔWcÆCT5—sÓÒ"À¢&FWb#¢G'VRÀ¢&Æ–6Vç6R#¢$Ô•B"À¢&FWVæFVæ6–W2#¢°¢&f–Æ&ÆR×G—VBÖ'&—2#¢%ãããr"À¢&6ÆÂÖ&–æB#¢%ããã’"À¢&6ÆÂÖ&÷VæB#¢%ãããB"À¢&f÷"ÖV6‚#¢%ãã2ãR"À¢&vWB×&÷Fò#¢%ããã"À¢&v÷B#¢%ãã"ã"À¢&†2×F÷7G&–æwFr#¢%ããã" ¢ÒÀ¢&Væv–æW2#¢°¢&æöFR#¢#ãÒãB ¢ÒÀ¢&gVæF–ær#¢°¢'W&Â#¢&‡GG3¢òöv—F‡V"æ6öÒ÷7öç6÷'2öÆ¦†&" ¢Ð¢ÒÀ¢&æöFUöÖöGVÆW2÷v÷&B×w&#¢°¢'fW'6–öâ#¢#ã"ãR"À¢'&W6öÇfVB#¢&‡GG3¢ò÷&Vv—7G'’æçÖ§2æ÷&r÷v÷&B×w&òÒ÷v÷&B×w&Óã"ãRçFw¢"À¢&–çFVw&—G’#¢'6†S"Ô$ã#$#VVÔÔ“•T×F§$vCVsVT5•5EW“d¥†%—6CW¥—†¤dö6µ3S55DS7vµfõw……f#4'%–4TãEGvST#V4ÓÒ"À¢&FWb#¢G'VRÀ¢&Æ–6Vç6R#¢$Ô•B"À¢&Væv–æW2#¢°¢&æöFR#¢#ãÓãã ¢Ð¢ÒÀ¢&æöFUöÖöGVÆW2÷‡FVæB#¢°¢'fW'6–öâ#¢#Bãã""À¢'&W6öÇfVB#¢&‡GG3¢ò÷&Vv—7G'’æçÖ§2æ÷&r÷‡FVæBòÒ÷‡FVæBÓBãã"çFw¢"À¢&–çFVw&—G’#¢'6†S"ÔÄµ•S”„¥…Vt†ã•U&¦—R´Õv‡•U„‡7fgvÖ7U–Ó–E5T´³ô6§G%Wtd„Cƒ"öÔ5v'DÇ4v¤d–Ct—6öCG§%DUÓÒ"À¢&Æ–6Vç6R#¢$Ô•B"À¢&Væv–æW2#¢°¢&æöFR#¢#ãÓãB ¢Ð¢ÒÀ¢&æöFUöÖöGVÆW2÷–ÆÆ—7B#¢°¢'fW'6–öâ#¢#2ãã"À¢'&W6öÇfVB#¢&‡GG3¢ò÷&Vv—7G'’æçÖ§2æ÷&r÷–ÆÆ—7BòÒ÷–ÆÆ—7BÓ2ããçFw¢"À¢&–çFVw&—G’#¢'6†S"ÖETuuƒS–Ôõ…U–äs&Wvæ53F“DcC5Gc4¦ôÒ·3%dDÕ3”ç4³„wDÔÇ$4…·4eCvƒ4³eDöõTæã'#u&õ‡ƒFsÓÒ"À¢&FWb#¢G'VRÀ¢&Æ–6Vç6R#¢$•42 ¢ÒÀ¢&æöFUöÖöGVÆW2÷–ö7Fò×VWVR#¢°¢'fW'6–öâ#¢#ãã"À¢'&W6öÇfVB#¢&‡GG3¢ò÷&Vv—7G'’æçÖ§2æ÷&r÷–ö7Fò×VWVRòÒ÷–ö7Fò×VWVRÓããçFw¢"À¢&–çFVw&—G’#¢'6†S"×%f·7g6ää6D¢öö„v3g†uw”ã†V†T7‡6”ÄÓ†×‡TR÷BöÔõg¦WuTóÖ”ÇD…•&uD´4ÆW„ÃDÖTefwG3t†Ôå£%ÓÒ"À¢&FWb#¢G'VRÀ¢&Æ–6Vç6R#¢$Ô•B"À¢&Væv–æW2#¢°¢&æöFR#¢#ãÓ ¢ÒÀ¢&gVæF–ær#¢°¢'W&Â#¢&‡GG3¢òöv—F‡V"æ6öÒ÷7öç6÷'2÷6–æG&W6÷&‡W2 ¢Ð¢ÒÀ¢&æöFUöÖöGVÆW2÷¦öB#¢°¢'fW'6–öâ#¢#BãBã2"À¢'&W6öÇfVB#¢&‡GG3¢ò÷&Vv—7G'’æçÖ§2æ÷&r÷¦öBòÒ÷¦öBÓBãBã2çFw¢"À¢&–çFVw&—G’#¢'6†S"×—DTäf¤”¤fÃ%Wu–vÆFS&¦6…s$‡vÓDt¤dÄF•5…vEG$¥$”ã”f7—vãDF‡„¤V•tä¤Õcô'verö¶¶ssTF4„§•EÓÒ"À¢&FWb#¢G'VRÀ¢&Æ–6Vç6R#¢$Ô•B"À¢&gVæF–ær#¢°¢'W&Â#¢&‡GG3¢òöv—F‡V"æ6öÒ÷7öç6÷'2ö6öÆ–æ†6·2 ¢Ð¢ÒÀ¢&æöFUöÖöGVÆW2÷¦öB×fÆ–FF–öâÖW'&÷"#¢°¢'fW'6–öâ#¢#Bãã""À¢'&W6öÇfVB#¢&‡GG3¢ò÷&Vv—7G'’æçÖ§2æ÷&r÷¦öB×fÆ–FF–öâÖW'&÷"òÒ÷¦öB×fÆ–FF–öâÖW'&÷"ÓBãã"çFw¢"À¢&–çFVw&—G’#¢'6†S"Õböå¤ÆSf§‡USƒ"óGT£GCWc%dU£CFÇ¥¥F…”¤ç§E%Gw•v3edc4C4¶"ödUWE¥æ…36†æ¤6c”75vW6v„ÅÓÒ"À¢&FWb#¢G'VRÀ¢&Æ–6Vç6R#¢$Ô•B"À¢&Væv–æW2#¢°¢&æöFR#¢#ãÓ‚ãã ¢ÒÀ¢'VW$FWVæFVæ6–W2#¢°¢'¦öB#¢%ã2ã#RãÇÂãBãã ¢Ð¢ÒÀ¢&æöFUöÖöGVÆW2÷§W7FæB#¢°¢'fW'6–öâ#¢#RããR"À¢'&W6öÇfVB#¢&‡GG3¢ò÷&Vv—7G'’æçÖ§2æ÷&r÷§W7FæBòÒ÷§W7FæBÓRããRçFw¢"À¢&–çFVw&—G’#¢'6†S"Ô×4V¥&”&´–7%5–TõTƒ3'$¤3u5g&Óg7vRö%V“%ôÆ4%t´÷4r´3†ÖWf×#…Gu„„%f´6†&$¦——f´R¶’ó4ÓÒ"À¢&Æ–6Vç6R#¢$Ô•B"À¢&Væv–æW2#¢°¢&æöFR#¢#ãÓ"ã#ã ¢ÒÀ¢'VW$FWVæFVæ6–W2#¢°¢$G—W2÷&V7B#¢#ãÓ‚ãã"À¢&–ÖÖW"#¢#ãÓ’ããb"À¢'&V7B#¢#ãÓ‚ãã"À¢'W6R×7–æ2ÖW‡FW&æÂ×7F÷&R#¢#ãÓã"ã ¢ÒÀ¢'VW$FWVæFVæ6–W4ÖWF#¢°¢$G—W2÷&V7B#¢°¢&÷F–öæÂ#¢G'VP¢ÒÀ¢&–ÖÖW"#¢°¢&÷F–öæÂ#¢G'VP¢ÒÀ¢'&V7B#¢°¢&÷F–öæÂ#¢G'VP¢ÒÀ¢'W6R×7–æ2ÖW‡FW&æÂ×7F÷&R#¢°¢&÷F–öæÂ#¢G'VP¢Ð¢Ð¢Ð¢Ð§Ð 